<Solution>
  <Folder Name="/Solution Items/">
    <File Path=".gitignore" />
    <File Path="build.props" />
    <File Path="CLA.md" />
    <File Path="CLAUDE.md" />
    <File Path="CODE_OF_CONDUCT.md" />
    <File Path="CONTRIBUTING.md" />
    <File Path="droomploeg.props" />
    <File Path="LICENSE" />
    <File Path="README.md" />
    <File Path="SECURITY.md" />
  </Folder>
  <Folder Name="/Solution Items/.github/">
    <File Path=".github/dependabot.yml" />
    <File Path=".github/pull_request_template.md" />
  </Folder>
  <Folder Name="/Solution Items/.github/ISSUE_TEMPLATE/">
    <File Path=".github/ISSUE_TEMPLATE/bug_report.yml" />
    <File Path=".github/ISSUE_TEMPLATE/config.yml" />
    <File Path=".github/ISSUE_TEMPLATE/feature_request.yml" />
  </Folder>
  <Folder Name="/Solution Items/.github/workflows/">
    <File Path=".github/workflows/ci.yml" />
    <File Path=".github/workflows/codeql.yml" />
  </Folder>
  <Folder Name="/Solution Items/bicep/">
    <File Path="bicep/main.bicep" />
  </Folder>
  <Folder Name="/Solution Items/bicep/applicationInsights/">
    <File Path="bicep/applicationInsights/applicationInsight.bicep" />
  </Folder>
  <Folder Name="/Solution Items/bicep/appServices/">
    <File Path="bicep/appServices/appServicePlan.bicep" />
    <File Path="bicep/appServices/appSettings.bicep" />
    <File Path="bicep/appServices/webapp.bicep" />
  </Folder>
  <Folder Name="/Solution Items/bicep/keyvault/">
    <File Path="bicep/keyvault/assignRole.bicep" />
    <File Path="bicep/keyvault/keyvault.bicep" />
  </Folder>
  <Folder Name="/Solution Items/bicep/managedIdentities/">
    <File Path="bicep/managedIdentities/userAssignedIdentities.bicep" />
  </Folder>
  <Folder Name="/Solution Items/bicep/networks/">
    <File Path="bicep/networks/privateEndpoint.bicep" />
    <File Path="bicep/networks/subnet.bicep" />
    <File Path="bicep/networks/vnet.bicep" />
  </Folder>
  <Folder Name="/Solution Items/bicep/servicebus/">
    <File Path="bicep/servicebus/assignRole.bicep" />
    <File Path="bicep/servicebus/servicebus.bicep" />
  </Folder>
  <Folder Name="/Solution Items/docs/" />
  <Folder Name="/src/">
    <Project Path="src/Droomploeg.DreamOps.Application/Droomploeg.DreamOps.Application.csproj" />
    <Project Path="src/Droomploeg.DreamOps.Core/Droomploeg.DreamOps.Domain.csproj" />
    <Project Path="src/Droomploeg.DreamOps.Infrastructure/Droomploeg.DreamOps.Infrastructure.csproj" />
    <Project Path="src/Droomploeg.DreamOps.WebApp/Droomploeg.DreamOps.WebApp.csproj" />
  </Folder>
  <Folder Name="/tests/">
    <Project Path="tests/Droomploeg.DreamOps.Aspire.Tests.AppHost/Droomploeg.DreamOps.Aspire.Tests.AppHost.csproj" />
    <Project Path="tests/Droomploeg.DreamOps.Aspire.Tests/Droomploeg.DreamOps.Aspire.Tests.csproj" />
  </Folder>
</Solution>
